<Solution>
  <Project Path="AnotherNewsPlatform.ApiService/AnotherNewsPlatform.ApiService.csproj" />
  <Project Path="AnotherNewsPlatform.AppHost/AnotherNewsPlatform.AppHost.csproj" Id="dfcd029b-fee8-41b2-be4f-86c04c27ada6" />
  <Project Path="AnotherNewsPlatform.DataAccess/AnotherNewsPlatform.DataAccess.csproj" Id="bc64af9e-e819-4181-bc09-39efbc62b6ed" />
  <Project Path="AnotherNewsPlatform.ServiceDefaults/AnotherNewsPlatform.ServiceDefaults.csproj" />
  <Project Path="AnotherNewsPlatform.Web/AnotherNewsPlatform.Web.csproj" />
</Solution>
